// !$*UTF8*$!
{
	archiveVersion = 1;
	classes = {
	};
	objectVersion = 50;
	objects = {

/* Begin PBXBuildFile section */
		BB2C5F1B21654AF6005917D8 /* AppDelegate.swift in Sources */ = {isa = PBXBuildFile; fileRef = BB2C5F1A21654AF6005917D8 /* AppDelegate.swift */; };
		BB2C5F1D21654AF6005917D8 /* ViewController.swift in Sources */ = {isa = PBXBuildFile; fileRef = BB2C5F1C21654AF6005917D8 /* ViewController.swift */; };
		BB2C5F2021654AF6005917D8 /* Main.storyboard in Resources */ = {isa = PBXBuildFile; fileRef = BB2C5F1E21654AF6005917D8 /* Main.storyboard */; };
		BB2C5F2221654AF8005917D8 /* Assets.xcassets in Resources */ = {isa = PBXBuildFile; fileRef = BB2C5F2121654AF8005917D8 /* Assets.xcassets */; };
		BB2C5F2521654AF8005917D8 /* LaunchScreen.storyboard in Resources */ = {isa = PBXBuildFile; fileRef = BB2C5F2321654AF8005917D8 /* LaunchScreen.storyboard */; };
		BB2C5F3021654AF8005917D8 /* LightTests.swift in Sources */ = {isa = PBXBuildFile; fileRef = BB2C5F2F21654AF8005917D8 /* LightTests.swift */; };
		BB2C5F3B21654AF8005917D8 /* LightUITests.swift in Sources */ = {isa = PBXBuildFile; fileRef = BB2C5F3A21654AF8005917D8 /* LightUITests.swift */; };
/* End PBXBuildFile section */

/* Begin PBXContainerItemProxy section */
		BB2C5F2C21654AF8005917D8 /* PBXContainerItemProxy */ = {
			isa = PBXContainerItemProxy;
			containerPortal = BB2C5F0F21654AF6005917D8 /* Project object */;
			proxyType = 1;
			remoteGlobalIDString = BB2C5F1621654AF6005917D8;
			remoteInfo = Light;
		};
		BB2C5F3721654AF8005917D8 /* PBXContainerItemProxy */ = {
			isa = PBXContainerItemProxy;
			containerPortal = BB2C5F0F21654AF6005917D8 /* Project object */;
			proxyType = 1;
			remoteGlobalIDString = BB2C5F1621654AF6005917D8;
			remoteInfo = Light;
		};
/* End PBXContainerItemProxy section */

/* Begin PBXFileReference section */
		BB2C5F1721654AF6005917D8 /* Light.app */ = {isa = PBXFileReference; explicitFileType = wrapper.application; includeInIndex = 0; path = Light.app; sourceTree = BUILT_PRODUCTS_DIR; };
		BB2C5F1A21654AF6005917D8 /* AppDelegate.swift */ = {isa = PBXFileReference; lastKnownFileType = sourcecode.swift; path = AppDelegate.swift; sourceTree = "<group>"; };
		BB2C5F1C21654AF6005917D8 /* ViewController.swift */ = {isa = PBXFileReference; lastKnownFileType = sourcecode.swift; path = ViewController.swift; sourceTree = "<group>"; };
		BB2C5F1F21654AF6005917D8 /* Base */ = {isa = PBXFileReference; lastKnownFileType = file.storyboard; name = Base; path = Base.lproj/Main.storyboard; sourceTree = "<group>"; };
		BB2C5F2121654AF8005917D8 /* Assets.xcassets */ = {isa = PBXFileReference; lastKnownFileType = folder.assetcatalog; path = Assets.xcassets; sourceTree = "<group>"; };
		BB2C5F2421654AF8005917D8 /* Base */ = {isa = PBXFileReference; lastKnownFileType = file.storyboard; name = Base; path = Base.lproj/LaunchScreen.storyboard; sourceTree = "<group>"; };
		BB2C5F2621654AF8005917D8 /* Info.plist */ = {isa = PBXFileReference; lastKnownFileType = text.plist.xml; path = Info.plist; sourceTree = "<group>"; };
		BB2C5F2B21654AF8005917D8 /* LightTests.xctest */ = {isa = PBXFileReference; explicitFileType = wrapper.cfbundle; includeInIndex = 0; path = LightTests.xctest; sourceTree = BUILT_PRODUCTS_DIR; };
		BB2C5F2F21654AF8005917D8 /* LightTests.swift */ = {isa = PBXFileReference; lastKnownFileType = sourcecode.swift; path = LightTests.swift; sourceTree = "<group>"; };
		BB2C5F3121654AF8005917D8 /* Info.plist */ = {isa = PBXFileReference; lastKnownFileType = text.plist.xml; path = Info.plist; sourceTree = "<group>"; };
		BB2C5F3621654AF8005917D8 /* LightUITests.xctest */ = {isa = PBXFileReference; explicitFileType = wrapper.cfbundle; includeInIndex = 0; path = LightUITests.xctest; sourceTree = BUILT_PRODUCTS_DIR; };
		BB2C5F3A21654AF8005917D8 /* LightUITests.swift */ = {isa = PBXFileReference; lastKnownFileType = sourcecode.swift; path = LightUITests.swift; sourceTree = "<group>"; };
		BB2C5F3C21654AF8005917D8 /* Info.plist */ = {isa = PBXFileReference; lastKnownFileType = text.plist.xml; path = Info.plist; sourceTree = "<group>"; };
/* End PBXFileReference section */

/* Begin PBXFrameworksBuildPhase section */
		BB2C5F1421654AF6005917D8 /* Frameworks */ = {
			isa = PBXFrameworksBuildPhase;
			buildActionMask = 2147483647;
			files = (
			);
			runOnlyForDeploymentPostprocessing = 0;
		};
		BB2C5F2821654AF8005917D8 /* Frameworks */ = {
			isa = PBXFrameworksBuildPhase;
			buildActionMask = 2147483647;
			files = (
			);
			runOnlyForDeploymentPostprocessing = 0;
		};
		BB2C5F3321654AF8005917D8 /* Frameworks */ = {
			isa = PBXFrameworksBuildPhase;
			buildActionMask = 2147483647;
			files = (
			);
			runOnlyForDeploymentPostprocessing = 0;
		};
/* End PBXFrameworksBuildPhase section */

/* Begin PBXGroup section */
		BB2C5F0E21654AF6005917D8 = {
			isa = PBXGroup;
			children = (
				BB2C5F1921654AF6005917D8 /* Light */,
				BB2C5F2E21654AF8005917D8 /* LightTests */,
				BB2C5F3921654AF8005917D8 /* LightUITests */,
				BB2C5F1821654AF6005917D8 /* Products */,
			);
			sourceTree = "<group>";
		};
		BB2C5F1821654AF6005917D8 /* Products */ = {
			isa = PBXGroup;
			children = (
				BB2C5F1721654AF6005917D8 /* Light.app */,
				BB2C5F2B21654AF8005917D8 /* LightTests.xctest */,
				BB2C5F3621654AF8005917D8 /* LightUITests.xctest */,
			);
			name = Products;
			sourceTree = "<group>";
		};
		BB2C5F1921654AF6005917D8 /* Light */ = {
			isa = PBXGroup;
			children = (
				BB2C5F1A21654AF6005917D8 /* AppDelegate.swift */,
				BB2C5F1C21654AF6005917D8 /* ViewController.swift */,
				BB2C5F1E21654AF6005917D8 /* Main.storyboard */,
				BB2C5F2121654AF8005917D8 /* Assets.xcassets */,
				BB2C5F2321654AF8005917D8 /* LaunchScreen.storyboard */,
				BB2C5F2621654AF8005917D8 /* Info.plist */,
			);
			path = Light;
			sourceTree = "<group>";
		};
		BB2C5F2E21654AF8005917D8 /* LightTests */ = {
			isa = PBXGroup;
			children = (
				BB2C5F2F21654AF8005917D8 /* LightTests.swift */,
				BB2C5F3121654AF8005917D8 /* Info.plist */,
			);
			path = LightTests;
			sourceTree = "<group>";
		};
		BB2C5F3921654AF8005917D8 /* LightUITests */ = {
			isa = PBXGroup;
			children = (
				BB2C5F3A21654AF8005917D8 /* LightUITests.swift */,
				BB2C5F3C21654AF8005917D8 /* Info.plist */,
			);
			path = LightUITests;
			sourceTree = "<group>";
		};
/* End PBXGroup section */

/* Begin PBXNativeTarget section */
		BB2C5F1621654AF6005917D8 /* Light */ = {
			isa = PBXNativeTarget;
			buildConfigurationList = BB2C5F3F21654AF8005917D8 /* Build configuration list for PBXNativeTarget "Light" */;
			buildPhases = (
				BB2C5F1321654AF6005917D8 /* Sources */,
				BB2C5F1421654AF6005917D8 /* Frameworks */,
				BB2C5F1521654AF6005917D8 /* Resources */,
			);
			buildRules = (
			);
			dependencies = (
			);
			name = Light;
			productName = Light;
			productReference = BB2C5F1721654AF6005917D8 /* Light.app */;
			productType = "com.apple.product-type.application";
		};
		BB2C5F2A21654AF8005917D8 /* LightTests */ = {
			isa = PBXNativeTarget;
			buildConfigurationList = BB2C5F4221654AF8005917D8 /* Build configuration list for PBXNativeTarget "LightTests" */;
			buildPhases = (
				BB2C5F2721654AF8005917D8 /* Sources */,
				BB2C5F2821654AF8005917D8 /* Frameworks */,
				BB2C5F2921654AF8005917D8 /* Resources */,
			);
			buildRules = (
			);
			dependencies = (
				BB2C5F2D21654AF8005917D8 /* PBXTargetDependency */,
			);
			name = LightTests;
			productName = LightTests;
			productReference = BB2C5F2B21654AF8005917D8 /* LightTests.xctest */;
			productType = "com.apple.product-type.bundle.unit-test";
		};
		BB2C5F3521654AF8005917D8 /* LightUITests */ = {
			isa = PBXNativeTarget;
			buildConfigurationList = BB2C5F4521654AF8005917D8 /* Build configuration list for PBXNativeTarget "LightUITests" */;
			buildPhases = (
				BB2C5F3221654AF8005917D8 /* Sources */,
				BB2C5F3321654AF8005917D8 /* Frameworks */,
				BB2C5F3421654AF8005917D8 /* Resources */,
			);
			buildRules = (
			);
			dependencies = (
				BB2C5F3821654AF8005917D8 /* PBXTargetDependency */,
			);
			name = LightUITests;
			productName = LightUITests;
			productReference = BB2C5F3621654AF8005917D8 /* LightUITests.xctest */;
			productType = "com.apple.product-type.bundle.ui-testing";
		};
/* End PBXNativeTarget section */

/* Begin PBXProject section */
		BB2C5F0F21654AF6005917D8 /* Project object */ = {
			isa = PBXProject;
			attributes = {
				LastSwiftUpdateCheck = 0940;
				LastUpgradeCheck = 0940;
				ORGANIZATIONNAME = "Eduardo S.S";
				TargetAttributes = {
					BB2C5F1621654AF6005917D8 = {
						CreatedOnToolsVersion = 9.4.1;
					};
					BB2C5F2A21654AF8005917D8 = {
						CreatedOnToolsVersion = 9.4.1;
						TestTargetID = BB2C5F1621654AF6005917D8;
					};
					BB2C5F3521654AF8005917D8 = {
						CreatedOnToolsVersion = 9.4.1;
						TestTargetID = BB2C5F1621654AF6005917D8;
					};
				};
			};
			buildConfigurationList = BB2C5F1221654AF6005917D8 /* Build configuration list for PBXProject "Light" */;
			compatibilityVersion = "Xcode 9.3";
			developmentRegion = en;
			hasScannedForEncodings = 0;
			knownRegions = (
				en,
				Base,
			);
			mainGroup = BB2C5F0E21654AF6005917D8;
			productRefGroup = BB2C5F1821654AF6005917D8 /* Products */;
			projectDirPath = "";
			projectRoot = "";
			targets = (
				BB2C5F1621654AF6005917D8 /* Light */,
				BB2C5F2A21654AF8005917D8 /* LightTests */,
				BB2C5F3521654AF8005917D8 /* LightUITests */,
			);
		};
/* End PBXProject section */

/* Begin PBXResourcesBuildPhase section */
		BB2C5F1521654AF6005917D8 /* Resources */ = {
			isa = PBXResourcesBuildPhase;
			buildActionMask = 2147483647;
			files = (
				BB2C5F2521654AF8005917D8 /* LaunchScreen.storyboard in Resources */,
				BB2C5F2221654AF8005917D8 /* Assets.xcassets in Resources */,
				BB2C5F2021654AF6005917D8 /* Main.storyboard in Resources */,
			);
			runOnlyForDeploymentPostprocessing = 0;
		};
		BB2C5F2921654AF8005917D8 /* Resources */ = {
			isa = PBXResourcesBuildPhase;
			buildActionMask = 2147483647;
			files = (
			);
			runOnlyForDeploymentPostprocessing = 0;
		};
		BB2C5F3421654AF8005917D8 /* Resources */ = {
			isa = PBXResourcesBuildPhase;
			buildActionMask = 2147483647;
			files = (
			);
			runOnlyForDeploymentPostprocessing = 0;
		};
/* End PBXResourcesBuildPhase section */

/* Begin PBXSourcesBuildPhase section */
		BB2C5F1321654AF6005917D8 /* Sources */ = {
			isa = PBXSourcesBuildPhase;
			buildActionMask = 2147483647;
			files = (
				BB2C5F1D21654AF6005917D8 /* ViewController.swift in Sources */,
				BB2C5F1B21654AF6005917D8 /* AppDelegate.swift in Sources */,
			);
			runOnlyForDeploymentPostprocessing = 0;
		};
		BB2C5F2721654AF8005917D8 /* Sources */ = {
			isa = PBXSourcesBuildPhase;
			buildActionMask = 2147483647;
			files = (
				BB2C5F3021654AF8005917D8 /* LightTests.swift in Sources */,
			);
			runOnlyForDeploymentPostprocessing = 0;
		};
		BB2C5F3221654AF8005917D8 /* Sources */ = {
			isa = PBXSourcesBuildPhase;
			buildActionMask = 2147483647;
			files = (
				BB2C5F3B21654AF8005917D8 /* LightUITests.swift in Sources */,
			);
			runOnlyForDeploymentPostprocessing = 0;
		};
/* End PBXSourcesBuildPhase section */

/* Begin PBXTargetDependency section */
		BB2C5F2D21654AF8005917D8 /* PBXTargetDependency */ = {
			isa = PBXTargetDependency;
			target = BB2C5F1621654AF6005917D8 /* Light */;
			targetProxy = BB2C5F2C21654AF8005917D8 /* PBXContainerItemProxy */;
		};
		BB2C5F3821654AF8005917D8 /* PBXTargetDependency */ = {
			isa = PBXTargetDependency;
			target = BB2C5F1621654AF6005917D8 /* Light */;
			targetProxy = BB2C5F3721654AF8005917D8 /* PBXContainerItemProxy */;
		};
/* End PBXTargetDependency section */

/* Begin PBXVariantGroup section */
		BB2C5F1E21654AF6005917D8 /* Main.storyboard */ = {
			isa = PBXVariantGroup;
			children = (
				BB2C5F1F21654AF6005917D8 /* Base */,
			);
			name = Main.storyboard;
			sourceTree = "<group>";
		};
		BB2C5F2321654AF8005917D8 /* LaunchScreen.storyboard */ = {
			isa = PBXVariantGroup;
			children = (
				BB2C5F2421654AF8005917D8 /* Base */,
			);
			name = LaunchScreen.storyboard;
			sourceTree = "<group>";
		};
/* End PBXVariantGroup section */

/* Begin XCBuildConfiguration section */
		BB2C5F3D21654AF8005917D8 /* Debug */ = {
			isa = XCBuildConfiguration;
			buildSettings = {
				ALWAYS_SEARCH_USER_PATHS = NO;
				CLANG_ANALYZER_NONNULL = YES;
				CLANG_ANALYZER_NUMBER_OBJECT_CONVERSION = YES_AGGRESSIVE;
				CLANG_CXX_LANGUAGE_STANDARD = "gnu++14";
				CLANG_CXX_LIBRARY = "libc++";
				CLANG_ENABLE_MODULES = YES;
				CLANG_ENABLE_OBJC_ARC = YES;
				CLANG_ENABLE_OBJC_WEAK = YES;
				CLANG_WARN_BLOCK_CAPTURE_AUTORELEASING = YES;
				CLANG_WARN_BOOL_CONVERSION = YES;
				CLANG_WARN_COMMA = YES;
				CLANG_WARN_CONSTANT_CONVERSION = YES;
				CLANG_WARN_DEPRECATED_OBJC_IMPLEMENTATIONS = YES;
				CLANG_WARN_DIRECT_OBJC_ISA_USAGE = YES_ERROR;
				CLANG_WARN_DOCUMENTATION_COMMENTS = YES;
				CLANG_WARN_EMPTY_BODY = YES;
				CLANG_WARN_ENUM_CONVERSION = YES;
				CLANG_WARN_INFINITE_RECURSION = YES;
				CLANG_WARN_INT_CONVERSION = YES;
				CLANG_WARN_NON_LITERAL_NULL_CONVERSION = YES;
				CLANG_WARN_OBJC_IMPLICIT_RETAIN_SELF = YES;
				CLANG_WARN_OBJC_LITERAL_CONVERSION = YES;
				CLANG_WARN_OBJC_ROOT_CLASS = YES_ERROR;
				CLANG_WARN_RANGE_LOOP_ANALYSIS = YES;
				CLANG_WARN_STRICT_PROTOTYPES = YES;
				CLANG_WARN_SUSPICIOUS_MOVE = YES;
				CLANG_WARN_UNGUARDED_AVAILABILITY = YES_AGGRESSIVE;
				CLANG_WARN_UNREACHABLE_CODE = YES;
				CLANG_WARN__DUPLICATE_METHOD_MATCH = YES;
				CODE_SIGN_IDENTITY = "iPhone Developer";
				COPY_PHASE_STRIP = NO;
				DEBUG_INFORMATION_FORMAT = dwarf;
				ENABLE_STRICT_OBJC_MSGSEND = YES;
				ENABLE_TESTABILITY = YES;
				GCC_C_LANGUAGE_STANDARD = gnu11;
				GCC_DYNAMIC_NO_PIC = NO;
				GCC_NO_COMMON_BLOCKS = YES;
				GCC_OPTIMIZATION_LEVEL = 0;
				GCC_PREPROCESSOR_DEFINITIONS = (
					"DEBUG=1",
					"$(inherited)",
				);
				GCC_WARN_64_TO_32_BIT_CONVERSION = YES;
				GCC_WARN_ABOUT_RETURN_TYPE = YES_ERROR;
				GCC_WARN_UNDECLARED_SELECTOR = YES;
				GCC_WARN_UNINITIALIZED_AUTOS = YES_AGGRESSIVE;
				GCC_WARN_UNUSED_FUNCTION = YES;
				GCC_WARN_UNUSED_VARIABLE = YES;
				IPHONEOS_DEPLOYMENT_TARGET = 11.4;
				MTL_ENABLE_DEBUG_INFO = YES;
				ONLY_ACTIVE_ARCH = YES;
				SDKROOT = iphoneos;
				SWIFT_ACTIVE_COMPILATION_CONDITIONS = DEBUG;
				SWIFT_OPTIMIZATION_LEVEL = "-Onone";
			};
			name = Debug;
		};
		BB2C5F3E21654AF8005917D8 /* Release */ = {
			isa = XCBuildConfiguration;
			buildSettings = {
				ALWAYS_SEARCH_USER_PATHS = NO;
				CLANG_ANALYZER_NONNULL = YES;
				CLANG_ANALYZER_NUMBER_OBJECT_CONVERSION = YES_AGGRESSIVE;
				CLANG_CXX_LANGUAGE_STANDARD = "gnu++14";
				CLANG_CXX_LIBRARY = "libc++";
				CLANG_ENABLE_MODULES = YES;
				CLANG_ENABLE_OBJC_ARC = YES;
				CLANG_ENABLE_OBJC_WEAK = YES;
				CLANG_WARN_BLOCK_CAPTURE_AUTORELEASING = YES;
				CLANG_WARN_BOOL_CONVERSION = YES;
				CLANG_WARN_COMMA = YES;
				CLANG_WARN_CONSTANT_CONVERSION = YES;
				CLANG_WARN_DEPRECATED_OBJC_IMPLEMENTATIONS = YES;
				CLANG_WARN_DIRECT_OBJC_ISA_USAGE = YES_ERROR;
				CLANG_WARN_DOCUMENTATION_COMMENTS = YES;
				CLANG_WARN_EMPTY_BODY = YES;
				CLANG_WARN_ENUM_CONVERSION = YES;
				CLANG_WARN_INFINITE_RECURSION = YES;
				CLANG_WARN_INT_CONVERSION = YES;
				CLANG_WARN_NON_LITERAL_NULL_CONVERSION = YES;
				CLANG_WARN_OBJC_IMPLICIT_RETAIN_SELF = YES;
				CLANG_WARN_OBJC_LITERAL_CONVERSION = YES;
				CLANG_WARN_OBJC_ROOT_CLASS = YES_ERROR;
				CLANG_WARN_RANGE_LOOP_ANALYSIS = YES;
				CLANG_WARN_STRICT_PROTOTYPES = YES;
				CLANG_WARN_SUSPICIOUS_MOVE = YES;
				CLANG_WARN_UNGUARDED_AVAILABILITY = YES_AGGRESSIVE;
				CLANG_WARN_UNREACHABLE_CODE = YES;
				CLANG_WARN__DUPLICATE_METHOD_MATCH = YES;
				CODE_SIGN_IDENTITY = "iPhone Developer";
				COPY_PHASE_STRIP = NO;
				DEBUG_INFORMATION_FORMAT = "dwarf-with-dsym";
				ENABLE_NS_ASSERTIONS = NO;
				ENABLE_STRICT_OBJC_MSGSEND = YES;
				GCC_C_LANGUAGE_STANDARD = gnu11;
				GCC_NO_COMMON_BLOCKS = YES;
				GCC_WARN_64_TO_32_BIT_CONVERSION = YES;
				GCC_WARN_ABOUT_RETURN_TYPE = YES_ERROR;
				GCC_WARN_UNDECLARED_SELECTOR = YES;
				GCC_WARN_UNINITIALIZED_AUTOS = YES_AGGRESSIVE;
				GCC_WARN_UNUSED_FUNCTION = YES;
				GCC_WARN_UNUSED_VARIABLE = YES;
				IPHONEOS_DEPLOYMENT_TARGET = 11.4;
				MTL_ENABLE_DEBUG_INFO = NO;
				SDKROOT = iphoneos;
				SWIFT_COMPILATION_MODE = wholemodule;
				SWIFT_OPTIMIZATION_LEVEL = "-O";
				VALIDATE_PRODUCT = YES;
			};
			name = Release;
		};
		BB2C5F4021654AF8005917D8 /* Debug */ = {
			isa = XCBuildConfiguration;
			buildSettings = {
				ASSETCATALOG_COMPILER_APPICON_NAME = AppIcon;
				CODE_SIGN_STYLE = Automatic;
				DEVELOPMENT_TEAM = 9K6U5FW696;
				INFOPLIST_FILE = Light/Info.plist;
				LD_RUNPATH_SEARCH_PATHS = (
					"$(inherited)",
					"@executable_path/Frameworks",
				);
				PRODUCT_BUNDLE_IDENTIFIER = com.example.Light;
				PRODUCT_NAME = "$(TARGET_NAME)";
				SWIFT_VERSION = 4.0;
				TARGETED_DEVICE_FAMILY = "1,2";
			};
			name = Debug;
		};
		BB2C5F4121654AF8005917D8 /* Release */ = {
			isa = XCBuildConfiguration;
			buildSettings = {
				ASSETCATALOG_COMPILER_APPICON_NAME = AppIcon;
				CODE_SIGN_STYLE = Automatic;
				DEVELOPMENT_TEAM = 9K6U5FW696;
				INFOPLIST_FILE = Light/Info.plist;
				LD_RUNPATH_SEARCH_PATHS = (
					"$(inherited)",
					"@executable_path/Frameworks",
				);
				PRODUCT_BUNDLE_IDENTIFIER = com.example.Light;
				PRODUCT_NAME = "$(TARGET_NAME)";
				SWIFT_VERSION = 4.0;
				TARGETED_DEVICE_FAMILY = "1,2";
			};
			name = Release;
		};
		BB2C5F4321654AF8005917D8 /* Debug */ = {
			isa = XCBuildConfiguration;
			buildSettings = {
				ALWAYS_EMBED_SWIFT_STANDARD_LIBRARIES = YES;
				BUNDLE_LOADER = "$(TEST_HOST)";
				CODE_SIGN_STYLE = Automatic;
				DEVELOPMENT_TEAM = 9K6U5FW696;
				INFOPLIST_FILE = LightTests/Info.plist;
				LD_RUNPATH_SEARCH_PATHS = (
					"$(inherited)",
					"@executable_path/Frameworks",
					"@loader_path/Frameworks",
				);
				PRODUCT_BUNDLE_IDENTIFIER = com.example.LightTests;
				PRODUCT_NAME = "$(TARGET_NAME)";
				SWIFT_VERSION = 4.0;
				TARGETED_DEVICE_FAMILY = "1,2";
				TEST_HOST = "$(BUILT_PRODUCTS_DIR)/Light.app/Light";
			};
			name = Debug;
		};
		BB2C5F4421654AF8005917D8 /* Release */ = {
			isa = XCBuildConfiguration;
			buildSettings = {
				ALWAYS_EMBED_SWIFT_STANDARD_LIBRARIES = YES;
				BUNDLE_LOADER = "$(TEST_HOST)";
				CODE_SIGN_STYLE = Automatic;
				DEVELOPMENT_TEAM = 9K6U5FW696;
				INFOPLIST_FILE = LightTests/Info.plist;
				LD_RUNPATH_SEARCH_PATHS = (
					"$(inherited)",
					"@executable_path/Frameworks",
					"@loader_path/Frameworks",
				);
				PRODUCT_BUNDLE_IDENTIFIER = com.example.LightTests;
				PRODUCT_NAME = "$(TARGET_NAME)";
				SWIFT_VERSION = 4.0;
				TARGETED_DEVICE_FAMILY = "1,2";
				TEST_HOST = "$(BUILT_PRODUCTS_DIR)/Light.app/Light";
			};
			name = Release;
		};
		BB2C5F4621654AF8005917D8 /* Debug */ = {
			isa = XCBuildConfiguration;
			buildSettings = {
				ALWAYS_EMBED_SWIFT_STANDARD_LIBRARIES = YES;
				CODE_SIGN_STYLE = Automatic;
				DEVELOPMENT_TEAM = 9K6U5FW696;
				INFOPLIST_FILE = LightUITests/Info.plist;
				LD_RUNPATH_SEARCH_PATHS = (
					"$(inherited)",
					"@executable_path/Frameworks",
					"@loader_path/Frameworks",
				);
				PRODUCT_BUNDLE_IDENTIFIER = com.example.LightUITests;
				PRODUCT_NAME = "$(TARGET_NAME)";
				SWIFT_VERSION = 4.0;
				TARGETED_DEVICE_FAMILY = "1,2";
				TEST_TARGET_NAME = Light;
			};
			name = Debug;
		};
		BB2C5F4721654AF8005917D8 /* Release */ = {
			isa = XCBuildConfiguration;
			buildSettings = {
				ALWAYS_EMBED_SWIFT_STANDARD_LIBRARIES = YES;
				CODE_SIGN_STYLE = Automatic;
				DEVELOPMENT_TEAM = 9K6U5FW696;
				INFOPLIST_FILE = LightUITests/Info.plist;
				LD_RUNPATH_SEARCH_PATHS = (
					"$(inherited)",
					"@executable_path/Frameworks",
					"@loader_path/Frameworks",
				);
				PRODUCT_BUNDLE_IDENTIFIER = com.example.LightUITests;
				PRODUCT_NAME = "$(TARGET_NAME)";
				SWIFT_VERSION = 4.0;
				TARGETED_DEVICE_FAMILY = "1,2";
				TEST_TARGET_NAME = Light;
			};
			name = Release;
		};
/* End XCBuildConfiguration section */

/* Begin XCConfigurationList section */
		BB2C5F1221654AF6005917D8 /* Build configuration list for PBXProject "Light" */ = {
			isa = XCConfigurationList;
			buildConfigurations = (
				BB2C5F3D21654AF8005917D8 /* Debug */,
				BB2C5F3E21654AF8005917D8 /* Release */,
			);
			defaultConfigurationIsVisible = 0;
			defaultConfigurationName = Release;
		};
		BB2C5F3F21654AF8005917D8 /* Build configuration list for PBXNativeTarget "Light" */ = {
			isa = XCConfigurationList;
			buildConfigurations = (
				BB2C5F4021654AF8005917D8 /* Debug */,
				BB2C5F4121654AF8005917D8 /* Release */,
			);
			defaultConfigurationIsVisible = 0;
			defaultConfigurationName = Release;
		};
		BB2C5F4221654AF8005917D8 /* Build configuration list for PBXNativeTarget "LightTests" */ = {
			isa = XCConfigurationList;
			buildConfigurations = (
				BB2C5F4321654AF8005917D8 /* Debug */,
				BB2C5F4421654AF8005917D8 /* Release */,
			);
			defaultConfigurationIsVisible = 0;
			defaultConfigurationName = Release;
		};
		BB2C5F4521654AF8005917D8 /* Build configuration list for PBXNativeTarget "LightUITests" */ = {
			isa = XCConfigurationList;
			buildConfigurations = (
				BB2C5F4621654AF8005917D8 /* Debug */,
				BB2C5F4721654AF8005917D8 /* Release */,
			);
			defaultConfigurationIsVisible = 0;
			defaultConfigurationName = Release;
		};
/* End XCConfigurationList section */
	};
	rootObject = BB2C5F0F21654AF6005917D8 /* Project object */;
}
